
Microsoft Visual Studio Solution File, Format Version 12.00
# Visual Studio Version 16
VisualStudioVersion = 16.0.30711.63
MinimumVisualStudioVersion = 10.0.40219.1
Project("{2150E333-8FDC-42A3-9474-1A3956D46DE8}") = "Services", "Services", "{B7040B04-465E-428B-96EF-F5F1A956E950}"
EndProject
Project("{2150E333-8FDC-42A3-9474-1A3956D46DE8}") = "Catalog", "Catalog", "{EA87A18D-33F3-4417-AE64-1B580F1AAB1E}"
EndProject
Project("{FAE04EC0-301F-11D3-BF4B-00C04F79EFBC}") = "Catalog.Api", "..\Services\Catalog\Catalog.Api\Catalog.Api.csproj", "{CCFB7603-8459-4FE4-BDA8-A3E4203311CB}"
EndProject
Global
	GlobalSection(SolutionConfigurationPlatforms) = preSolution
		Debug|Any CPU = Debug|Any CPU
		Release|Any CPU = Release|Any CPU
	EndGlobalSection
	GlobalSection(ProjectConfigurationPlatforms) = postSolution
		{CCFB7603-8459-4FE4-BDA8-A3E4203311CB}.Debug|Any CPU.ActiveCfg = Debug|Any CPU
		{CCFB7603-8459-4FE4-BDA8-A3E4203311CB}.Debug|Any CPU.Build.0 = Debug|Any CPU
		{CCFB7603-8459-4FE4-BDA8-A3E4203311CB}.Release|Any CPU.ActiveCfg = Release|Any CPU
		{CCFB7603-8459-4FE4-BDA8-A3E4203311CB}.Release|Any CPU.Build.0 = Release|Any CPU
	EndGlobalSection
	GlobalSection(SolutionProperties) = preSolution
		HideSolutionNode = FALSE
	EndGlobalSection
	GlobalSection(NestedProjects) = preSolution
		{EA87A18D-33F3-4417-AE64-1B580F1AAB1E} = {B7040B04-465E-428B-96EF-F5F1A956E950}
		{CCFB7603-8459-4FE4-BDA8-A3E4203311CB} = {EA87A18D-33F3-4417-AE64-1B580F1AAB1E}
	EndGlobalSection
	GlobalSection(ExtensibilityGlobals) = postSolution
		SolutionGuid = {286F90D3-23F4-41EC-8675-64F2AB1B4A32}
	EndGlobalSection
EndGlobal
